
Microsoft Visual Studio Solution File, Format Version 12.00
# Visual Studio Version 17
VisualStudioVersion = 17.0.31903.59
MinimumVisualStudioVersion = 10.0.40219.1
Project("{2150E333-8FDC-42A3-9474-1A3956D46DE8}") = "src", "src", "{FD1CA10A-5C6A-4BFB-AC24-B0201CF4B3E4}"
EndProject
Project("{FAE04EC0-301F-11D3-BF4B-00C04F79EFBC}") = "SupportPlatform.Api", "src\Api\SupportPlatform.Api.csproj", "{41883959-3B2C-4BF4-A7D0-0840FC5BF483}"
EndProject
Project("{FAE04EC0-301F-11D3-BF4B-00C04F79EFBC}") = "SupportPlatform.Application", "src\Application\SupportPlatform.Application.csproj", "{04D7EDFC-0C2C-4619-A5C7-8C7F21FCD5BF}"
EndProject
Project("{FAE04EC0-301F-11D3-BF4B-00C04F79EFBC}") = "SupportPlatform.Domain", "src\Domain\SupportPlatform.Domain.csproj", "{606FDB04-02FB-42D0-8E8B-3338D2CE6242}"
EndProject
Project("{FAE04EC0-301F-11D3-BF4B-00C04F79EFBC}") = "SupportPlatform.Infrastructure", "src\Infrastructure\SupportPlatform.Infrastructure.csproj", "{9E720F8E-D0DC-4324-9A45-F0F10D557162}"
EndProject
Project("{2150E333-8FDC-42A3-9474-1A3956D46DE8}") = "tests", "tests", "{BBA99B41-D579-47DA-9CAD-27514A77F3B3}"
EndProject
Project("{FAE04EC0-301F-11D3-BF4B-00C04F79EFBC}") = "SupportPlatform.Api.Tests", "tests\Api.Tests\SupportPlatform.Api.Tests.csproj", "{212E9719-A726-4036-9193-A12F2A77D1CA}"
EndProject
Project("{FAE04EC0-301F-11D3-BF4B-00C04F79EFBC}") = "SupportPlatform.Application.Tests", "tests\Application.Tests\SupportPlatform.Application.Tests.csproj", "{2B0FC20E-1AE4-45AE-8EC4-AC7C5D72E0D0}"
EndProject
Project("{2150E333-8FDC-42A3-9474-1A3956D46DE8}") = "Infrastructure.Tests", "Infrastructure.Tests", "{2CDC9565-41BC-1CA8-7685-586006C6E57F}"
EndProject
Project("{FAE04EC0-301F-11D3-BF4B-00C04F79EFBC}") = "SupportPlatform.Infrastructure.Tests", "tests\Infrastructure.Tests\SupportPlatform.Infrastructure.Tests.csproj", "{E59EB8D9-F698-46F4-8862-A7E3618BCEC0}"
EndProject
Project("{2150E333-8FDC-42A3-9474-1A3956D46DE8}") = "Infrastructure", "Infrastructure", "{F371D3BC-C19F-9B69-0223-2F6908D44853}"
EndProject
Global
	GlobalSection(SolutionConfigurationPlatforms) = preSolution
		Debug|Any CPU = Debug|Any CPU
		Debug|x64 = Debug|x64
		Debug|x86 = Debug|x86
		Release|Any CPU = Release|Any CPU
		Release|x64 = Release|x64
		Release|x86 = Release|x86
	EndGlobalSection
	GlobalSection(ProjectConfigurationPlatforms) = postSolution
		{41883959-3B2C-4BF4-A7D0-0840FC5BF483}.Debug|Any CPU.ActiveCfg = Debug|Any CPU
		{41883959-3B2C-4BF4-A7D0-0840FC5BF483}.Debug|Any CPU.Build.0 = Debug|Any CPU
		{41883959-3B2C-4BF4-A7D0-0840FC5BF483}.Debug|x64.ActiveCfg = Debug|Any CPU
		{41883959-3B2C-4BF4-A7D0-0840FC5BF483}.Debug|x64.Build.0 = Debug|Any CPU
		{41883959-3B2C-4BF4-A7D0-0840FC5BF483}.Debug|x86.ActiveCfg = Debug|Any CPU
		{41883959-3B2C-4BF4-A7D0-0840FC5BF483}.Debug|x86.Build.0 = Debug|Any CPU
		{41883959-3B2C-4BF4-A7D0-0840FC5BF483}.Release|Any CPU.ActiveCfg = Release|Any CPU
		{41883959-3B2C-4BF4-A7D0-0840FC5BF483}.Release|Any CPU.Build.0 = Release|Any CPU
		{41883959-3B2C-4BF4-A7D0-0840FC5BF483}.Release|x64.ActiveCfg = Release|Any CPU
		{41883959-3B2C-4BF4-A7D0-0840FC5BF483}.Release|x64.Build.0 = Release|Any CPU
		{41883959-3B2C-4BF4-A7D0-0840FC5BF483}.Release|x86.ActiveCfg = Release|Any CPU
		{41883959-3B2C-4BF4-A7D0-0840FC5BF483}.Release|x86.Build.0 = Release|Any CPU
		{04D7EDFC-0C2C-4619-A5C7-8C7F21FCD5BF}.Debug|Any CPU.ActiveCfg = Debug|Any CPU
		{04D7EDFC-0C2C-4619-A5C7-8C7F21FCD5BF}.Debug|Any CPU.Build.0 = Debug|Any CPU
		{04D7EDFC-0C2C-4619-A5C7-8C7F21FCD5BF}.Debug|x64.ActiveCfg = Debug|Any CPU
		{04D7EDFC-0C2C-4619-A5C7-8C7F21FCD5BF}.Debug|x64.Build.0 = Debug|Any CPU
		{04D7EDFC-0C2C-4619-A5C7-8C7F21FCD5BF}.Debug|x86.ActiveCfg = Debug|Any CPU
		{04D7EDFC-0C2C-4619-A5C7-8C7F21FCD5BF}.Debug|x86.Build.0 = Debug|Any CPU
		{04D7EDFC-0C2C-4619-A5C7-8C7F21FCD5BF}.Release|Any CPU.ActiveCfg = Release|Any CPU
		{04D7EDFC-0C2C-4619-A5C7-8C7F21FCD5BF}.Release|Any CPU.Build.0 = Release|Any CPU
		{04D7EDFC-0C2C-4619-A5C7-8C7F21FCD5BF}.Release|x64.ActiveCfg = Release|Any CPU
		{04D7EDFC-0C2C-4619-A5C7-8C7F21FCD5BF}.Release|x64.Build.0 = Release|Any CPU
		{04D7EDFC-0C2C-4619-A5C7-8C7F21FCD5BF}.Release|x86.ActiveCfg = Release|Any CPU
		{04D7EDFC-0C2C-4619-A5C7-8C7F21FCD5BF}.Release|x86.Build.0 = Release|Any CPU
		{606FDB04-02FB-42D0-8E8B-3338D2CE6242}.Debug|Any CPU.ActiveCfg = Debug|Any CPU
		{606FDB04-02FB-42D0-8E8B-3338D2CE6242}.Debug|Any CPU.Build.0 = Debug|Any CPU
		{606FDB04-02FB-42D0-8E8B-3338D2CE6242}.Debug|x64.ActiveCfg = Debug|Any CPU
		{606FDB04-02FB-42D0-8E8B-3338D2CE6242}.Debug|x64.Build.0 = Debug|Any CPU
		{606FDB04-02FB-42D0-8E8B-3338D2CE6242}.Debug|x86.ActiveCfg = Debug|Any CPU
		{606FDB04-02FB-42D0-8E8B-3338D2CE6242}.Debug|x86.Build.0 = Debug|Any CPU
		{606FDB04-02FB-42D0-8E8B-3338D2CE6242}.Release|Any CPU.ActiveCfg = Release|Any CPU
		{606FDB04-02FB-42D0-8E8B-3338D2CE6242}.Release|Any CPU.Build.0 = Release|Any CPU
		{606FDB04-02FB-42D0-8E8B-3338D2CE6242}.Release|x64.ActiveCfg = Release|Any CPU
		{606FDB04-02FB-42D0-8E8B-3338D2CE6242}.Release|x64.Build.0 = Release|Any CPU
		{606FDB04-02FB-42D0-8E8B-3338D2CE6242}.Release|x86.ActiveCfg = Release|Any CPU
		{606FDB04-02FB-42D0-8E8B-3338D2CE6242}.Release|x86.Build.0 = Release|Any CPU
		{9E720F8E-D0DC-4324-9A45-F0F10D557162}.Debug|Any CPU.ActiveCfg = Debug|Any CPU
		{9E720F8E-D0DC-4324-9A45-F0F10D557162}.Debug|Any CPU.Build.0 = Debug|Any CPU
		{9E720F8E-D0DC-4324-9A45-F0F10D557162}.Debug|x64.ActiveCfg = Debug|Any CPU
		{9E720F8E-D0DC-4324-9A45-F0F10D557162}.Debug|x64.Build.0 = Debug|Any CPU
		{9E720F8E-D0DC-4324-9A45-F0F10D557162}.Debug|x86.ActiveCfg = Debug|Any CPU
		{9E720F8E-D0DC-4324-9A45-F0F10D557162}.Debug|x86.Build.0 = Debug|Any CPU
		{9E720F8E-D0DC-4324-9A45-F0F10D557162}.Release|Any CPU.ActiveCfg = Release|Any CPU
		{9E720F8E-D0DC-4324-9A45-F0F10D557162}.Release|Any CPU.Build.0 = Release|Any CPU
		{9E720F8E-D0DC-4324-9A45-F0F10D557162}.Release|x64.ActiveCfg = Release|Any CPU
		{9E720F8E-D0DC-4324-9A45-F0F10D557162}.Release|x64.Build.0 = Release|Any CPU
		{9E720F8E-D0DC-4324-9A45-F0F10D557162}.Release|x86.ActiveCfg = Release|Any CPU
		{9E720F8E-D0DC-4324-9A45-F0F10D557162}.Release|x86.Build.0 = Release|Any CPU
		{212E9719-A726-4036-9193-A12F2A77D1CA}.Debug|Any CPU.ActiveCfg = Debug|Any CPU
		{212E9719-A726-4036-9193-A12F2A77D1CA}.Debug|Any CPU.Build.0 = Debug|Any CPU
		{212E9719-A726-4036-9193-A12F2A77D1CA}.Debug|x64.ActiveCfg = Debug|Any CPU
		{212E9719-A726-4036-9193-A12F2A77D1CA}.Debug|x64.Build.0 = Debug|Any CPU
		{212E9719-A726-4036-9193-A12F2A77D1CA}.Debug|x86.ActiveCfg = Debug|Any CPU
		{212E9719-A726-4036-9193-A12F2A77D1CA}.Debug|x86.Build.0 = Debug|Any CPU
		{212E9719-A726-4036-9193-A12F2A77D1CA}.Release|Any CPU.ActiveCfg = Release|Any CPU
		{212E9719-A726-4036-9193-A12F2A77D1CA}.Release|Any CPU.Build.0 = Release|Any CPU
		{212E9719-A726-4036-9193-A12F2A77D1CA}.Release|x64.ActiveCfg = Release|Any CPU
		{212E9719-A726-4036-9193-A12F2A77D1CA}.Release|x64.Build.0 = Release|Any CPU
		{212E9719-A726-4036-9193-A12F2A77D1CA}.Release|x86.ActiveCfg = Release|Any CPU
		{212E9719-A726-4036-9193-A12F2A77D1CA}.Release|x86.Build.0 = Release|Any CPU
		{2B0FC20E-1AE4-45AE-8EC4-AC7C5D72E0D0}.Debug|Any CPU.ActiveCfg = Debug|Any CPU
		{2B0FC20E-1AE4-45AE-8EC4-AC7C5D72E0D0}.Debug|Any CPU.Build.0 = Debug|Any CPU
		{2B0FC20E-1AE4-45AE-8EC4-AC7C5D72E0D0}.Debug|x64.ActiveCfg = Debug|Any CPU
		{2B0FC20E-1AE4-45AE-8EC4-AC7C5D72E0D0}.Debug|x64.Build.0 = Debug|Any CPU
		{2B0FC20E-1AE4-45AE-8EC4-AC7C5D72E0D0}.Debug|x86.ActiveCfg = Debug|Any CPU
		{2B0FC20E-1AE4-45AE-8EC4-AC7C5D72E0D0}.Debug|x86.Build.0 = Debug|Any CPU
		{2B0FC20E-1AE4-45AE-8EC4-AC7C5D72E0D0}.Release|Any CPU.ActiveCfg = Release|Any CPU
		{2B0FC20E-1AE4-45AE-8EC4-AC7C5D72E0D0}.Release|Any CPU.Build.0 = Release|Any CPU
		{2B0FC20E-1AE4-45AE-8EC4-AC7C5D72E0D0}.Release|x64.ActiveCfg = Release|Any CPU
		{2B0FC20E-1AE4-45AE-8EC4-AC7C5D72E0D0}.Release|x64.Build.0 = Release|Any CPU
		{2B0FC20E-1AE4-45AE-8EC4-AC7C5D72E0D0}.Release|x86.ActiveCfg = Release|Any CPU
		{2B0FC20E-1AE4-45AE-8EC4-AC7C5D72E0D0}.Release|x86.Build.0 = Release|Any CPU
		{E59EB8D9-F698-46F4-8862-A7E3618BCEC0}.Debug|Any CPU.ActiveCfg = Debug|Any CPU
		{E59EB8D9-F698-46F4-8862-A7E3618BCEC0}.Debug|Any CPU.Build.0 = Debug|Any CPU
		{E59EB8D9-F698-46F4-8862-A7E3618BCEC0}.Debug|x64.ActiveCfg = Debug|Any CPU
		{E59EB8D9-F698-46F4-8862-A7E3618BCEC0}.Debug|x64.Build.0 = Debug|Any CPU
		{E59EB8D9-F698-46F4-8862-A7E3618BCEC0}.Debug|x86.ActiveCfg = Debug|Any CPU
		{E59EB8D9-F698-46F4-8862-A7E3618BCEC0}.Debug|x86.Build.0 = Debug|Any CPU
		{E59EB8D9-F698-46F4-8862-A7E3618BCEC0}.Release|Any CPU.ActiveCfg = Release|Any CPU
		{E59EB8D9-F698-46F4-8862-A7E3618BCEC0}.Release|Any CPU.Build.0 = Release|Any CPU
		{E59EB8D9-F698-46F4-8862-A7E3618BCEC0}.Release|x64.ActiveCfg = Release|Any CPU
		{E59EB8D9-F698-46F4-8862-A7E3618BCEC0}.Release|x64.Build.0 = Release|Any CPU
		{E59EB8D9-F698-46F4-8862-A7E3618BCEC0}.Release|x86.ActiveCfg = Release|Any CPU
		{E59EB8D9-F698-46F4-8862-A7E3618BCEC0}.Release|x86.Build.0 = Release|Any CPU
	EndGlobalSection
	GlobalSection(SolutionProperties) = preSolution
		HideSolutionNode = FALSE
	EndGlobalSection
	GlobalSection(NestedProjects) = preSolution
		{41883959-3B2C-4BF4-A7D0-0840FC5BF483} = {FD1CA10A-5C6A-4BFB-AC24-B0201CF4B3E4}
		{04D7EDFC-0C2C-4619-A5C7-8C7F21FCD5BF} = {FD1CA10A-5C6A-4BFB-AC24-B0201CF4B3E4}
		{606FDB04-02FB-42D0-8E8B-3338D2CE6242} = {FD1CA10A-5C6A-4BFB-AC24-B0201CF4B3E4}
		{9E720F8E-D0DC-4324-9A45-F0F10D557162} = {FD1CA10A-5C6A-4BFB-AC24-B0201CF4B3E4}
		{212E9719-A726-4036-9193-A12F2A77D1CA} = {BBA99B41-D579-47DA-9CAD-27514A77F3B3}
		{2B0FC20E-1AE4-45AE-8EC4-AC7C5D72E0D0} = {BBA99B41-D579-47DA-9CAD-27514A77F3B3}
		{2CDC9565-41BC-1CA8-7685-586006C6E57F} = {BBA99B41-D579-47DA-9CAD-27514A77F3B3}
		{E59EB8D9-F698-46F4-8862-A7E3618BCEC0} = {2CDC9565-41BC-1CA8-7685-586006C6E57F}
		{F371D3BC-C19F-9B69-0223-2F6908D44853} = {FD1CA10A-5C6A-4BFB-AC24-B0201CF4B3E4}
	EndGlobalSection
EndGlobal
